{
  "name": "spotpilot",
  "version": "0.2.0",
  "lockfileVersion": 3,
  "requires": true,
  "packages": {
    "": {
      "name": "spotpilot",
      "version": "0.2.0",
      "license": "MIT",
      "bin": {
        "spotpilot": "spotpilot"
      },
      "engines": {
        "node": ">=20"
      }
    }
  }
}
